<?xml version="1.0" encoding="utf-8"?>
<Project ToolsVersion="4.0" xmlns="http://schemas.microsoft.com/developer/msbuild/2003">
  <ItemGroup>
    <Filter Include="소스 파일">
      <UniqueIdentifier>{4FC737F1-C7A5-4376-A066-2A32D752A2FF}</UniqueIdentifier>
      <Extensions>cpp;c;cc;cxx;c++;cppm;ixx;def;odl;idl;hpj;bat;asm;asmx</Extensions>
    </Filter>
    <Filter Include="헤더 파일">
      <UniqueIdentifier>{93995380-89BD-4b04-88EB-625FBE52EBFB}</UniqueIdentifier>
      <Extensions>h;hh;hpp;hxx;h++;hm;inl;inc;ipp;xsd</Extensions>
    </Filter>
    <Filter Include="리소스 파일">
      <UniqueIdentifier>{67DA6AB6-F800-4c08-8B7A-83BB121AAD01}</UniqueIdentifier>
      <Extensions>rc;ico;cur;bmp;dlg;rc2;rct;bin;rgs;gif;jpg;jpeg;jpe;resx;tiff;tif;png;wav;mfcribbon-ms</Extensions>
    </Filter>
    <Filter Include="소스 파일\01_system">
      <UniqueIdentifier>{04c58ed2-d70f-43f6-bfe9-0cc1039ecf28}</UniqueIdentifier>
    </Filter>
    <Filter Include="소스 파일\01_system\01_main">
      <UniqueIdentifier>{1d0af88f-4687-4c05-bfa6-03876ecc06dd}</UniqueIdentifier>
    </Filter>
    <Filter Include="소스 파일\01_system\02_turn">
      <UniqueIdentifier>{d2847d56-3206-4d14-bf3a-e43a282e1181}</UniqueIdentifier>
    </Filter>
    <Filter Include="소스 파일\01_system\04_GUI">
      <UniqueIdentifier>{fdee6044-e869-4079-8a59-77018eb66ee7}</UniqueIdentifier>
    </Filter>
    <Filter Include="소스 파일\01_system\05_Loader">
      <UniqueIdentifier>{944aa449-7cb5-417c-aee2-c37e4c809ad8}</UniqueIdentifier>
    </Filter>
    <Filter Include="소스 파일\03_renderer">
      <UniqueIdentifier>{9dbe3c84-63d8-4a37-8e9e-53271b7d5a55}</UniqueIdentifier>
    </Filter>
    <Filter Include="소스 파일\04_util">
      <UniqueIdentifier>{0ef0f0f9-f25f-4a09-987c-605740c43d51}</UniqueIdentifier>
    </Filter>
    <Filter Include="소스 파일\05_Class">
      <UniqueIdentifier>{dd260d9b-b2fe-4be1-8aa9-9f958c513a0e}</UniqueIdentifier>
    </Filter>
    <Filter Include="소스 파일\05_Class\01_Entity">
      <UniqueIdentifier>{721aff37-2801-4c99-80ed-d0a27bf09e99}</UniqueIdentifier>
    </Filter>
    <Filter Include="소스 파일\05_Class\04_Interface">
      <UniqueIdentifier>{b9b642e7-5a5b-4350-8e31-d848cf74d43d}</UniqueIdentifier>
    </Filter>
    <Filter Include="소스 파일\05_Class\03_World">
      <UniqueIdentifier>{302ba4a0-09e0-4217-9d85-316efabc0e2f}</UniqueIdentifier>
    </Filter>
    <Filter Include="소스 파일\05_Class\02_Item">
      <UniqueIdentifier>{aa20156a-2393-4ab1-89d8-d62b7c3faf01}</UniqueIdentifier>
    </Filter>
    <Filter Include="소스 파일\01_system\04_GUI\CoroutineGUI">
      <UniqueIdentifier>{c6939b84-4b2e-48f0-aafb-0f63036b7fef}</UniqueIdentifier>
    </Filter>
    <Filter Include="소스 파일\05_Class\05_Etc">
      <UniqueIdentifier>{f75a6716-ad3a-4980-9d34-b43cae387679}</UniqueIdentifier>
    </Filter>
    <Filter Include="소스 파일\01_system\02_turn\Input">
      <UniqueIdentifier>{e63dfcd5-dfed-4199-adfe-3a33ea355812}</UniqueIdentifier>
    </Filter>
    <Filter Include="소스 파일\05_Class\06_Static">
      <UniqueIdentifier>{4b22f25e-6675-46b2-9c5f-ad80d6becfe9}</UniqueIdentifier>
    </Filter>
    <Filter Include="소스 파일\03_renderer\render">
      <UniqueIdentifier>{725fbc29-35b0-46b9-ae11-d4a24db0cd9c}</UniqueIdentifier>
    </Filter>
    <Filter Include="소스 파일\03_renderer\draw">
      <UniqueIdentifier>{dfeeca0d-7e6b-4718-8319-60817a10bd9f}</UniqueIdentifier>
    </Filter>
    <Filter Include="소스 파일\00_var">
      <UniqueIdentifier>{5b0409cc-011d-4af5-be1f-689b3989bd07}</UniqueIdentifier>
    </Filter>
    <Filter Include="소스 파일\00_var\Skill">
      <UniqueIdentifier>{5f5a64ad-856a-41c1-88c7-ce014c9be36c}</UniqueIdentifier>
    </Filter>
    <Filter Include="소스 파일\01_system\04_GUI\HUD">
      <UniqueIdentifier>{22f9baed-4728-4fb7-8327-47dc9f1961ec}</UniqueIdentifier>
    </Filter>
    <Filter Include="소스 파일\01_system\04_GUI\LOOT">
      <UniqueIdentifier>{d408acbb-070f-4da7-8883-b3d5eea7fcc3}</UniqueIdentifier>
    </Filter>
    <Filter Include="소스 파일\01_system\04_GUI\EQUIP">
      <UniqueIdentifier>{935822c5-a1ac-4409-a3f3-ed0108979383}</UniqueIdentifier>
    </Filter>
    <Filter Include="소스 파일\01_system\04_GUI\INVENTORY">
      <UniqueIdentifier>{3d8fab15-a267-4023-b6cb-b5868c2a8072}</UniqueIdentifier>
    </Filter>
    <Filter Include="소스 파일\01_system\04_GUI\CRAFT">
      <UniqueIdentifier>{9d79e804-c248-4c63-a091-579272003866}</UniqueIdentifier>
    </Filter>
    <Filter Include="소스 파일\05_Class\08_Prop">
      <UniqueIdentifier>{a95226d9-aec6-49d0-a3ea-ecebccca4b7e}</UniqueIdentifier>
    </Filter>
    <Filter Include="소스 파일\05_Class\07_Vehicle">
      <UniqueIdentifier>{6f6cbb85-1d23-42d6-9843-603bea97363e}</UniqueIdentifier>
    </Filter>
  </ItemGroup>
  <ItemGroup>
    <ClCompile Include="code\const2Str.ixx">
      <Filter>소스 파일\00_var</Filter>
    </ClCompile>
    <ClCompile Include="code\dataLoader.ixx">
      <Filter>소스 파일\01_system\05_Loader</Filter>
    </ClCompile>
    <ClCompile Include="code\fontLoader.ixx">
      <Filter>소스 파일\01_system\05_Loader</Filter>
    </ClCompile>
    <ClCompile Include="code\displayLoader.ixx">
      <Filter>소스 파일\01_system\05_Loader</Filter>
    </ClCompile>
    <ClCompile Include="code\textureLoader.ixx">
      <Filter>소스 파일\01_system\05_Loader</Filter>
    </ClCompile>
    <ClCompile Include="code\turnCycleLoop.ixx">
      <Filter>소스 파일\01_system\02_turn</Filter>
    </ClCompile>
    <ClCompile Include="code\turnWait.ixx">
      <Filter>소스 파일\01_system\02_turn</Filter>
    </ClCompile>
    <ClCompile Include="code\AI.ixx">
      <Filter>소스 파일\05_Class\04_Interface</Filter>
    </ClCompile>
    <ClCompile Include="code\Ani.ixx">
      <Filter>소스 파일\05_Class\04_Interface</Filter>
    </ClCompile>
    <ClCompile Include="code\main.cpp">
      <Filter>소스 파일\01_system\01_main</Filter>
    </ClCompile>
    <ClCompile Include="code\stepEvent.ixx">
      <Filter>소스 파일\01_system\01_main</Filter>
    </ClCompile>
    <ClCompile Include="code\startArea.ixx">
      <Filter>소스 파일\01_system\01_main</Filter>
    </ClCompile>
    <ClCompile Include="code\initCoordTransform.ixx">
      <Filter>소스 파일\01_system\05_Loader</Filter>
    </ClCompile>
    <ClCompile Include="code\Light.ixx">
      <Filter>소스 파일\05_Class\05_Etc</Filter>
    </ClCompile>
    <ClCompile Include="code\Damage.ixx">
      <Filter>소스 파일\05_Class\05_Etc</Filter>
    </ClCompile>
    <ClCompile Include="code\Corpse.ixx">
      <Filter>소스 파일\05_Class\05_Etc</Filter>
    </ClCompile>
    <ClCompile Include="code\Coord.ixx">
      <Filter>소스 파일\05_Class\05_Etc</Filter>
    </ClCompile>
    <ClCompile Include="code\Sprite.ixx">
      <Filter>소스 파일\05_Class\05_Etc</Filter>
    </ClCompile>
    <ClCompile Include="code\checkCursor.ixx">
      <Filter>소스 파일\01_system\02_turn\Input</Filter>
    </ClCompile>
    <ClCompile Include="code\log.ixx">
      <Filter>소스 파일\05_Class\06_Static</Filter>
    </ClCompile>
    <ClCompile Include="code\camera.ixx">
      <Filter>소스 파일\05_Class\06_Static</Filter>
    </ClCompile>
    <ClCompile Include="code\Sticker.ixx">
      <Filter>소스 파일\05_Class\05_Etc</Filter>
    </ClCompile>
    <ClCompile Include="code\globalTime.ixx">
      <Filter>소스 파일\05_Class\06_Static</Filter>
    </ClCompile>
    <ClCompile Include="code\debugConsole.ixx">
      <Filter>소스 파일\05_Class\06_Static</Filter>
    </ClCompile>
    <ClCompile Include="code\renderFPS.ixx">
      <Filter>소스 파일\03_renderer\render</Filter>
    </ClCompile>
    <ClCompile Include="code\renderLog.ixx">
      <Filter>소스 파일\03_renderer\render</Filter>
    </ClCompile>
    <ClCompile Include="code\renderSticker.ixx">
      <Filter>소스 파일\03_renderer\render</Filter>
    </ClCompile>
    <ClCompile Include="code\renderTile.ixx">
      <Filter>소스 파일\03_renderer\render</Filter>
    </ClCompile>
    <ClCompile Include="code\renderUI.ixx">
      <Filter>소스 파일\03_renderer\render</Filter>
    </ClCompile>
    <ClCompile Include="code\renderWeather.ixx">
      <Filter>소스 파일\03_renderer\render</Filter>
    </ClCompile>
    <ClCompile Include="code\drawItemList.ixx">
      <Filter>소스 파일\03_renderer\draw</Filter>
    </ClCompile>
    <ClCompile Include="code\drawItemSlot.ixx">
      <Filter>소스 파일\03_renderer\draw</Filter>
    </ClCompile>
    <ClCompile Include="code\drawItemTooltip.ixx">
      <Filter>소스 파일\03_renderer\draw</Filter>
    </ClCompile>
    <ClCompile Include="code\drawText.ixx">
      <Filter>소스 파일\03_renderer\draw</Filter>
    </ClCompile>
    <ClCompile Include="code\drawWindow.ixx">
      <Filter>소스 파일\03_renderer\draw</Filter>
    </ClCompile>
    <ClCompile Include="code\drawWindowArrow.ixx">
      <Filter>소스 파일\03_renderer\draw</Filter>
    </ClCompile>
    <ClCompile Include="code\Drawable.ixx">
      <Filter>소스 파일\05_Class\05_Etc</Filter>
    </ClCompile>
    <ClCompile Include="code\SkillData.ixx">
      <Filter>소스 파일\00_var\Skill</Filter>
    </ClCompile>
    <ClCompile Include="code\readSkillDex.ixx">
      <Filter>소스 파일\00_var\Skill</Filter>
    </ClCompile>
    <ClCompile Include="code\drawEpsilonText.ixx">
      <Filter>소스 파일</Filter>
    </ClCompile>
    <ClCompile Include="code\Bullet.ixx">
      <Filter>소스 파일\05_Class\05_Etc</Filter>
    </ClCompile>
    <ClCompile Include="code\scriptLoader.ixx">
      <Filter>소스 파일\01_system\05_Loader</Filter>
    </ClCompile>
    <ClCompile Include="code\Light.cpp">
      <Filter>소스 파일\05_Class\05_Etc</Filter>
    </ClCompile>
    <ClCompile Include="code\Particle.ixx">
      <Filter>소스 파일\05_Class\05_Etc</Filter>
    </ClCompile>
    <ClCompile Include="code\Footprint.ixx">
      <Filter>소스 파일\05_Class\05_Etc</Filter>
    </ClCompile>
    <ClCompile Include="code\Vehicle.ixx">
      <Filter>소스 파일\05_Class\07_Vehicle</Filter>
    </ClCompile>
    <ClCompile Include="code\Vehicle.cpp">
      <Filter>소스 파일\05_Class\07_Vehicle</Filter>
    </ClCompile>
    <ClCompile Include="code\Flame.ixx">
      <Filter>소스 파일\05_Class\05_Etc</Filter>
    </ClCompile>
    <ClCompile Include="code\Flame.cpp">
      <Filter>소스 파일\05_Class\05_Etc</Filter>
    </ClCompile>
    <ClCompile Include="code\Vehicle_runAI.cpp">
      <Filter>소스 파일\05_Class\07_Vehicle</Filter>
    </ClCompile>
    <ClCompile Include="code\actFuncSet.ixx">
      <Filter>소스 파일\01_system\01_main</Filter>
    </ClCompile>
    <ClCompile Include="code\useSkill.ixx">
      <Filter>소스 파일\01_system\01_main</Filter>
    </ClCompile>
    <ClCompile Include="code\GUI\Aim.ixx">
      <Filter>소스 파일\01_system\04_GUI</Filter>
    </ClCompile>
    <ClCompile Include="code\GUI\ContextMenu.ixx">
      <Filter>소스 파일\01_system\04_GUI</Filter>
    </ClCompile>
    <ClCompile Include="code\GUI\Dialogue.ixx">
      <Filter>소스 파일\01_system\04_GUI</Filter>
    </ClCompile>
    <ClCompile Include="code\GUI\GameOver.ixx">
      <Filter>소스 파일\01_system\04_GUI</Filter>
    </ClCompile>
    <ClCompile Include="code\GUI\GUI.ixx">
      <Filter>소스 파일\01_system\04_GUI</Filter>
    </ClCompile>
    <ClCompile Include="code\GUI\Map.ixx">
      <Filter>소스 파일\01_system\04_GUI</Filter>
    </ClCompile>
    <ClCompile Include="code\GUI\Profic.ixx">
      <Filter>소스 파일\01_system\04_GUI</Filter>
    </ClCompile>
    <ClCompile Include="code\GUI\Quest.ixx">
      <Filter>소스 파일\01_system\04_GUI</Filter>
    </ClCompile>
    <ClCompile Include="code\GUI\Skill.ixx">
      <Filter>소스 파일\01_system\04_GUI</Filter>
    </ClCompile>
    <ClCompile Include="code\GUI\Status.ixx">
      <Filter>소스 파일\01_system\04_GUI</Filter>
    </ClCompile>
    <ClCompile Include="code\drawSprite.ixx">
      <Filter>소스 파일\03_renderer\draw</Filter>
    </ClCompile>
    <ClCompile Include="code\util\getDegree.ixx">
      <Filter>소스 파일\04_util</Filter>
    </ClCompile>
    <ClCompile Include="code\util\hasher.ixx">
      <Filter>소스 파일\04_util</Filter>
    </ClCompile>
    <ClCompile Include="code\util\HSVConverter.ixx">
      <Filter>소스 파일\04_util</Filter>
    </ClCompile>
    <ClCompile Include="code\util\isCircle.ixx">
      <Filter>소스 파일\04_util</Filter>
    </ClCompile>
    <ClCompile Include="code\util\lineMaker.ixx">
      <Filter>소스 파일\04_util</Filter>
    </ClCompile>
    <ClCompile Include="code\util\nanoTimer.ixx">
      <Filter>소스 파일\04_util</Filter>
    </ClCompile>
    <ClCompile Include="code\util\Point.ixx">
      <Filter>소스 파일\04_util</Filter>
    </ClCompile>
    <ClCompile Include="code\util\prt.ixx">
      <Filter>소스 파일\04_util</Filter>
    </ClCompile>
    <ClCompile Include="code\util\randomEngine.ixx">
      <Filter>소스 파일\04_util</Filter>
    </ClCompile>
    <ClCompile Include="code\util\readTSV.ixx">
      <Filter>소스 파일\04_util</Filter>
    </ClCompile>
    <ClCompile Include="code\util\replaceStr.ixx">
      <Filter>소스 파일\04_util</Filter>
    </ClCompile>
    <ClCompile Include="code\util\sequenceCounter.ixx">
      <Filter>소스 파일\04_util</Filter>
    </ClCompile>
    <ClCompile Include="code\util\sgn.ixx">
      <Filter>소스 파일\04_util</Filter>
    </ClCompile>
    <ClCompile Include="code\util\stringToWstring.ixx">
      <Filter>소스 파일\04_util</Filter>
    </ClCompile>
    <ClCompile Include="code\util\timeKeeper.ixx">
      <Filter>소스 파일\04_util</Filter>
    </ClCompile>
    <ClCompile Include="code\util\utf8Decoder.ixx">
      <Filter>소스 파일\04_util</Filter>
    </ClCompile>
    <ClCompile Include="code\util\util.ixx">
      <Filter>소스 파일\04_util</Filter>
    </ClCompile>
    <ClCompile Include="code\util\Vec3.ixx">
      <Filter>소스 파일\04_util</Filter>
    </ClCompile>
    <ClCompile Include="code\util\wstring2Number.ixx">
      <Filter>소스 파일\04_util</Filter>
    </ClCompile>
    <ClCompile Include="code\util\aStar.ixx">
      <Filter>소스 파일\04_util</Filter>
    </ClCompile>
    <ClCompile Include="code\util\calc.ixx">
      <Filter>소스 파일\04_util</Filter>
    </ClCompile>
    <ClCompile Include="code\util\col2Str.ixx">
      <Filter>소스 파일\04_util</Filter>
    </ClCompile>
    <ClCompile Include="code\util\connectGroupExtraIndex.ixx">
      <Filter>소스 파일\04_util</Filter>
    </ClCompile>
    <ClCompile Include="code\util\Corouter.ixx">
      <Filter>소스 파일\04_util</Filter>
    </ClCompile>
    <ClCompile Include="code\util\decimalCutter.ixx">
      <Filter>소스 파일\04_util</Filter>
    </ClCompile>
    <ClCompile Include="code\util\dir16.ixx">
      <Filter>소스 파일\04_util</Filter>
    </ClCompile>
    <ClCompile Include="code\util\dirToXY.ixx">
      <Filter>소스 파일\04_util</Filter>
    </ClCompile>
    <ClCompile Include="code\util\drawPrimitive.ixx">
      <Filter>소스 파일\04_util</Filter>
    </ClCompile>
    <ClCompile Include="code\util\errorBox.ixx">
      <Filter>소스 파일\04_util</Filter>
    </ClCompile>
    <ClCompile Include="code\util\extremum.ixx">
      <Filter>소스 파일\04_util</Filter>
    </ClCompile>
    <ClCompile Include="code\util\floodFill.ixx">
      <Filter>소스 파일\04_util</Filter>
    </ClCompile>
    <ClCompile Include="code\GUI\CoroutineGUI\Maint.ixx">
      <Filter>소스 파일\01_system\04_GUI\CoroutineGUI</Filter>
    </ClCompile>
    <ClCompile Include="code\GUI\CoroutineGUI\Msg.ixx">
      <Filter>소스 파일\01_system\04_GUI\CoroutineGUI</Filter>
    </ClCompile>
    <ClCompile Include="code\GUI\CoroutineGUI\CoordSelect.ixx">
      <Filter>소스 파일\01_system\04_GUI\CoroutineGUI</Filter>
    </ClCompile>
    <ClCompile Include="code\GUI\CoroutineGUI\CoordSelectCraft.ixx">
      <Filter>소스 파일\01_system\04_GUI\CoroutineGUI</Filter>
    </ClCompile>
    <ClCompile Include="code\GUI\CoroutineGUI\Lst.ixx">
      <Filter>소스 파일\01_system\04_GUI\CoroutineGUI</Filter>
    </ClCompile>
    <ClCompile Include="code\GUI\CRAFT\Craft_draw.cpp">
      <Filter>소스 파일\01_system\04_GUI\CRAFT</Filter>
    </ClCompile>
    <ClCompile Include="code\GUI\CRAFT\Craft.ixx">
      <Filter>소스 파일\01_system\04_GUI\CRAFT</Filter>
    </ClCompile>
    <ClCompile Include="code\GUI\EQUIP\Equip_input_gamepad.ixx">
      <Filter>소스 파일\01_system\04_GUI\EQUIP</Filter>
    </ClCompile>
    <ClCompile Include="code\GUI\EQUIP\Equip_input_mouse.ixx">
      <Filter>소스 파일\01_system\04_GUI\EQUIP</Filter>
    </ClCompile>
    <ClCompile Include="code\GUI\EQUIP\Equip.ixx">
      <Filter>소스 파일\01_system\04_GUI\EQUIP</Filter>
    </ClCompile>
    <ClCompile Include="code\GUI\EQUIP\Equip_draw.ixx">
      <Filter>소스 파일\01_system\04_GUI\EQUIP</Filter>
    </ClCompile>
    <ClCompile Include="code\GUI\HUD\HUD_input_gamepad.ixx">
      <Filter>소스 파일\01_system\04_GUI\HUD</Filter>
    </ClCompile>
    <ClCompile Include="code\GUI\HUD\HUD_input_desktop.ixx">
      <Filter>소스 파일\01_system\04_GUI\HUD</Filter>
    </ClCompile>
    <ClCompile Include="code\GUI\HUD\HUD.ixx">
      <Filter>소스 파일\01_system\04_GUI\HUD</Filter>
    </ClCompile>
    <ClCompile Include="code\GUI\HUD\HUD_draw.ixx">
      <Filter>소스 파일\01_system\04_GUI\HUD</Filter>
    </ClCompile>
    <ClCompile Include="code\GUI\INVENTORY\Inventory_draw.ixx">
      <Filter>소스 파일\01_system\04_GUI\INVENTORY</Filter>
    </ClCompile>
    <ClCompile Include="code\GUI\INVENTORY\Inventory.ixx">
      <Filter>소스 파일\01_system\04_GUI\INVENTORY</Filter>
    </ClCompile>
    <ClCompile Include="code\GUI\LOOT\Loot_input_gamepad.ixx">
      <Filter>소스 파일\01_system\04_GUI\LOOT</Filter>
    </ClCompile>
    <ClCompile Include="code\GUI\LOOT\Loot_input_mouse.ixx">
      <Filter>소스 파일\01_system\04_GUI\LOOT</Filter>
    </ClCompile>
    <ClCompile Include="code\GUI\LOOT\Loot.ixx">
      <Filter>소스 파일\01_system\04_GUI\LOOT</Filter>
    </ClCompile>
    <ClCompile Include="code\GUI\LOOT\Loot_draw.ixx">
      <Filter>소스 파일\01_system\04_GUI\LOOT</Filter>
    </ClCompile>
    <ClCompile Include="code\item\readItemDex.ixx">
      <Filter>소스 파일\05_Class\02_Item</Filter>
    </ClCompile>
    <ClCompile Include="code\item\ItemData.cpp">
      <Filter>소스 파일\05_Class\02_Item</Filter>
    </ClCompile>
    <ClCompile Include="code\item\ItemData.ixx">
      <Filter>소스 파일\05_Class\02_Item</Filter>
    </ClCompile>
    <ClCompile Include="code\item\ItemPocket.cpp">
      <Filter>소스 파일\05_Class\02_Item</Filter>
    </ClCompile>
    <ClCompile Include="code\item\ItemPocket.ixx">
      <Filter>소스 파일\05_Class\02_Item</Filter>
    </ClCompile>
    <ClCompile Include="code\item\ItemStack.cpp">
      <Filter>소스 파일\05_Class\02_Item</Filter>
    </ClCompile>
    <ClCompile Include="code\item\ItemStack.ixx">
      <Filter>소스 파일\05_Class\02_Item</Filter>
    </ClCompile>
    <ClCompile Include="code\entity\Entity_runAnimation.cpp">
      <Filter>소스 파일\05_Class\01_Entity</Filter>
    </ClCompile>
    <ClCompile Include="code\entity\EntityData.cpp">
      <Filter>소스 파일\05_Class\01_Entity</Filter>
    </ClCompile>
    <ClCompile Include="code\entity\EntityData.ixx">
      <Filter>소스 파일\05_Class\01_Entity</Filter>
    </ClCompile>
    <ClCompile Include="code\entity\Monster.cpp">
      <Filter>소스 파일\05_Class\01_Entity</Filter>
    </ClCompile>
    <ClCompile Include="code\entity\Monster.ixx">
      <Filter>소스 파일\05_Class\01_Entity</Filter>
    </ClCompile>
    <ClCompile Include="code\entity\Player.cpp">
      <Filter>소스 파일\05_Class\01_Entity</Filter>
    </ClCompile>
    <ClCompile Include="code\entity\Player.ixx">
      <Filter>소스 파일\05_Class\01_Entity</Filter>
    </ClCompile>
    <ClCompile Include="code\entity\readEntityDex.ixx">
      <Filter>소스 파일\05_Class\01_Entity</Filter>
    </ClCompile>
    <ClCompile Include="code\entity\Entity.cpp">
      <Filter>소스 파일\05_Class\01_Entity</Filter>
    </ClCompile>
    <ClCompile Include="code\entity\Entity.ixx">
      <Filter>소스 파일\05_Class\01_Entity</Filter>
    </ClCompile>
    <ClCompile Include="code\entity\Entity_drawSelf.ixx">
      <Filter>소스 파일\05_Class\01_Entity</Filter>
    </ClCompile>
    <ClCompile Include="code\world\TileData.ixx">
      <Filter>소스 파일\05_Class\03_World</Filter>
    </ClCompile>
    <ClCompile Include="code\world\World.ixx">
      <Filter>소스 파일\05_Class\03_World</Filter>
    </ClCompile>
    <ClCompile Include="code\world\Chunk.ixx">
      <Filter>소스 파일\05_Class\03_World</Filter>
    </ClCompile>
    <ClCompile Include="code\world\Mapmaker.ixx">
      <Filter>소스 파일\05_Class\03_World</Filter>
    </ClCompile>
    <ClCompile Include="code\var\wrapVar.ixx">
      <Filter>소스 파일\00_var</Filter>
    </ClCompile>
    <ClCompile Include="code\var\constVar.ixx">
      <Filter>소스 파일\00_var</Filter>
    </ClCompile>
    <ClCompile Include="code\var\globalVar.ixx">
      <Filter>소스 파일\00_var</Filter>
    </ClCompile>
    <ClCompile Include="code\GUI\HUD\HUD_tileTouch.ixx">
      <Filter>소스 파일\01_system\04_GUI\HUD</Filter>
    </ClCompile>
    <ClCompile Include="code\GUI\Sample.ixx">
      <Filter>소스 파일\01_system\04_GUI</Filter>
    </ClCompile>
    <ClCompile Include="code\GUI\Sleep.ixx">
      <Filter>소스 파일\01_system\04_GUI</Filter>
    </ClCompile>
    <ClCompile Include="code\keyboardInput.ixx">
      <Filter>소스 파일\01_system\02_turn\Input</Filter>
    </ClCompile>
    <ClCompile Include="code\gamepadInput.ixx">
      <Filter>소스 파일\01_system\02_turn\Input</Filter>
    </ClCompile>
    <ClCompile Include="code\mouseInput.ixx">
      <Filter>소스 파일\01_system\02_turn\Input</Filter>
    </ClCompile>
    <ClCompile Include="code\SystemMenu.ixx">
      <Filter>소스 파일\01_system\04_GUI</Filter>
    </ClCompile>
    <ClCompile Include="code\GUI\HUD\HUD_step.ixx">
      <Filter>소스 파일\01_system\04_GUI\HUD</Filter>
    </ClCompile>
    <ClCompile Include="code\item\ItemData_base.ixx">
      <Filter>소스 파일\05_Class\02_Item</Filter>
    </ClCompile>
    <ClCompile Include="code\Wave.ixx">
      <Filter>소스 파일\05_Class\05_Etc</Filter>
    </ClCompile>
    <ClCompile Include="code\Wake.ixx">
      <Filter>소스 파일\05_Class\05_Etc</Filter>
    </ClCompile>
    <ClCompile Include="code\util\ThreadPool.ixx">
      <Filter>소스 파일\04_util</Filter>
    </ClCompile>
    <ClCompile Include="code\var\textureVar.ixx">
      <Filter>소스 파일\01_system</Filter>
    </ClCompile>
    <ClCompile Include="code\GUI\CRAFT\Craft_input_gamepad.ixx">
      <Filter>소스 파일\01_system\04_GUI\CRAFT</Filter>
    </ClCompile>
    <ClCompile Include="code\GUI\CRAFT\Craft_input_mouse.ixx">
      <Filter>소스 파일\01_system\04_GUI\CRAFT</Filter>
    </ClCompile>
    <ClCompile Include="code\Prop\Prop.cpp">
      <Filter>소스 파일\05_Class\08_Prop</Filter>
    </ClCompile>
    <ClCompile Include="code\Prop\Prop.ixx">
      <Filter>소스 파일\05_Class\08_Prop</Filter>
    </ClCompile>
    <ClCompile Include="code\Prop\Prop_circuit.ixx">
      <Filter>소스 파일\05_Class\08_Prop</Filter>
    </ClCompile>
    <ClCompile Include="code\Prop\Prop_drawSelf.cpp">
      <Filter>소스 파일\05_Class\08_Prop</Filter>
    </ClCompile>
  </ItemGroup>
</Project>